
Microsoft Visual Studio Solution File, Format Version 12.00
# Visual Studio Version 17
VisualStudioVersion = 17.0.32417.34
MinimumVisualStudioVersion = 10.0.40219.1
Project("{8BC9CEB8-8B4A-11D0-8D11-00A0C91BC942}") = "NTV_02_CriticalProcess", "NTV_02_CriticalProcess\NTV_02_CriticalProcess.vcxproj", "{003AE8F3-031F-420A-B82F-63DB693610C0}"
EndProject
Global
	GlobalSection(SolutionConfigurationPlatforms) = preSolution
		Debug|x64 = Debug|x64
		Debug|x86 = Debug|x86
		Release|x64 = Release|x64
		Release|x86 = Release|x86
	EndGlobalSection
	GlobalSection(ProjectConfigurationPlatforms) = postSolution
		{003AE8F3-031F-420A-B82F-63DB693610C0}.Debug|x64.ActiveCfg = Debug|x64
		{003AE8F3-031F-420A-B82F-63DB693610C0}.Debug|x64.Build.0 = Debug|x64
		{003AE8F3-031F-420A-B82F-63DB693610C0}.Debug|x86.ActiveCfg = Debug|Win32
		{003AE8F3-031F-420A-B82F-63DB693610C0}.Debug|x86.Build.0 = Debug|Win32
		{003AE8F3-031F-420A-B82F-63DB693610C0}.Release|x64.ActiveCfg = Release|x64
		{003AE8F3-031F-420A-B82F-63DB693610C0}.Release|x64.Build.0 = Release|x64
		{003AE8F3-031F-420A-B82F-63DB693610C0}.Release|x86.ActiveCfg = Release|Win32
		{003AE8F3-031F-420A-B82F-63DB693610C0}.Release|x86.Build.0 = Release|Win32
	EndGlobalSection
	GlobalSection(SolutionProperties) = preSolution
		HideSolutionNode = FALSE
	EndGlobalSection
	GlobalSection(ExtensibilityGlobals) = postSolution
		SolutionGuid = {48414DA4-8B63-443C-B3D4-FBAB90936F49}
	EndGlobalSection
EndGlobal
